
Microsoft Visual Studio Solution File, Format Version 12.00
# Visual Studio Version 17
VisualStudioVersion = 17.2.32630.192
MinimumVisualStudioVersion = 10.0.40219.1
Project("{FAE04EC0-301F-11D3-BF4B-00C04F79EFBC}") = "TTI_Parts_Calculator", "TTI_Parts_Calculator\TTI_Parts_Calculator.csproj", "{4E5E5CDF-3FEB-4B9D-8D94-077F06A08F8B}"
EndProject
Global
	GlobalSection(SolutionConfigurationPlatforms) = preSolution
		Debug|Any CPU = Debug|Any CPU
		Release|Any CPU = Release|Any CPU
	EndGlobalSection
	GlobalSection(ProjectConfigurationPlatforms) = postSolution
		{4E5E5CDF-3FEB-4B9D-8D94-077F06A08F8B}.Debug|Any CPU.ActiveCfg = Debug|Any CPU
		{4E5E5CDF-3FEB-4B9D-8D94-077F06A08F8B}.Debug|Any CPU.Build.0 = Debug|Any CPU
		{4E5E5CDF-3FEB-4B9D-8D94-077F06A08F8B}.Release|Any CPU.ActiveCfg = Release|Any CPU
		{4E5E5CDF-3FEB-4B9D-8D94-077F06A08F8B}.Release|Any CPU.Build.0 = Release|Any CPU
	EndGlobalSection
	GlobalSection(SolutionProperties) = preSolution
		HideSolutionNode = FALSE
	EndGlobalSection
	GlobalSection(ExtensibilityGlobals) = postSolution
		SolutionGuid = {2B22A651-99AE-4EFF-82A2-DD6D5CC7EC24}
	EndGlobalSection
EndGlobal
